# This lock file was generated by conda-lock (https://github.com/conda/conda-lock). DO NOT EDIT!
#
# A "lock file" contains a concrete list of package versions (with checksums) to be installed. Unlike
# e.g. `conda env create`, the resulting environment will not change as new package versions become
# available, unless you explicitly update the lock file.
#
# Install this environment as "YOURENV" with:
#     conda-lock install -n YOURENV conda-lock.yml
# To update a single package to the latest version compatible with the version constraints in the source:
#     conda-lock lock  --lockfile conda-lock.yml --update PACKAGE
# To re-solve the entire environment, e.g. after changing a version constraint in the source file:
#     conda-lock -f environment.yml --lockfile conda-lock.yml
version: 1
metadata:
  content_hash:
    linux-64: d5805b389810f1c565322ab7866618937ffeefb217ec5d695cac1d5c25fc58f0
  channels:
  - url: conda-forge
    used_env_vars: []
  platforms:
  - linux-64
  sources:
  - environment.yml
package:
- name: _libgcc_mutex
  version: '0.1'
  manager: conda
  platform: linux-64
  dependencies: {}
  url: https://conda.anaconda.org/conda-forge/linux-64/_libgcc_mutex-0.1-conda_forge.tar.bz2
  hash:
    md5: d7c89558ba9fa0495403155b64376d81
    sha256: fe51de6107f9edc7aa4f786a70f4a883943bc9d39b3bb7307c04c41410990726
  category: main
  optional: false
- name: _openmp_mutex
  version: '4.5'
  manager: conda
  platform: linux-64
  dependencies:
    _libgcc_mutex: '0.1'
    libgomp: '>=7.5.0'
  url: https://conda.anaconda.org/conda-forge/linux-64/_openmp_mutex-4.5-2_gnu.tar.bz2
  hash:
    md5: 73aaf86a425cc6e73fcf236a5a46396d
    sha256: fbe2c5e56a653bebb982eda4876a9178aedfc2b545f25d0ce9c4c0b508253d22
  category: main
  optional: false
- name: annotated-types
  version: 0.7.0
  manager: conda
  platform: linux-64
  dependencies:
    python: '>=3.9'
    typing-extensions: '>=4.0.0'
  url: https://conda.anaconda.org/conda-forge/noarch/annotated-types-0.7.0-pyhd8ed1ab_1.conda
  hash:
    md5: 2934f256a8acfe48f6ebb4fce6cde29c
    sha256: e0ea1ba78fbb64f17062601edda82097fcf815012cf52bb704150a2668110d48
  category: main
  optional: false
- name: appdirs
  version: 1.4.4
  manager: conda
  platform: linux-64
  dependencies:
    python: '>=3.9'
  url: https://conda.anaconda.org/conda-forge/noarch/appdirs-1.4.4-pyhd8ed1ab_1.conda
  hash:
    md5: f4e90937bbfc3a4a92539545a37bb448
    sha256: 5b9ef6d338525b332e17c3ed089ca2f53a5d74b7a7b432747d29c6466e39346d
  category: main
  optional: false
- name: backports
  version: '1.0'
  manager: conda
  platform: linux-64
  dependencies:
    python: '>=3.9'
  url: https://conda.anaconda.org/conda-forge/noarch/backports-1.0-pyhd8ed1ab_5.conda
  hash:
    md5: 767d508c1a67e02ae8f50e44cacfadb2
    sha256: e1c3dc8b5aa6e12145423fed262b4754d70fec601339896b9ccf483178f690a6
  category: main
  optional: false
- name: backports.tarfile
  version: 1.2.0
  manager: conda
  platform: linux-64
  dependencies:
    backports: ''
    python: '>=3.9'
  url: https://conda.anaconda.org/conda-forge/noarch/backports.tarfile-1.2.0-pyhd8ed1ab_1.conda
  hash:
    md5: df837d654933488220b454c6a3b0fad6
    sha256: a0f41db6d7580cec3c850e5d1b82cb03197dd49a3179b1cee59c62cd2c761b36
  category: main
  optional: false
- name: brotli-python
  version: 1.2.0
  manager: conda
  platform: linux-64
  dependencies:
    __glibc: '>=2.17,<3.0.a0'
    libgcc: '>=14'
    libstdcxx: '>=14'
    python: '>=3.11,<3.12.0a0'
    python_abi: 3.11.*
  url: https://conda.anaconda.org/conda-forge/linux-64/brotli-python-1.2.0-py311h66f275b_1.conda
  hash:
    md5: 86daecb8e4ed1042d5dc6efbe0152590
    sha256: c36eb061d9ead85f97644cfb740d485dba9b8823357f35c17851078e95e975c1
  category: main
  optional: false
- name: bzip2
  version: 1.0.8
  manager: conda
  platform: linux-64
  dependencies:
    __glibc: '>=2.17,<3.0.a0'
    libgcc: '>=14'
  url: https://conda.anaconda.org/conda-forge/linux-64/bzip2-1.0.8-hda65f42_8.conda
  hash:
    md5: 51a19bba1b8ebfb60df25cde030b7ebc
    sha256: c30daba32ddebbb7ded490f0e371eae90f51e72db620554089103b4a6934b0d5
  category: main
  optional: false
- name: ca-certificates
  version: 2025.11.12
  manager: conda
  platform: linux-64
  dependencies:
    __unix: ''
  url: https://conda.anaconda.org/conda-forge/noarch/ca-certificates-2025.11.12-hbd8a1cb_0.conda
  hash:
    md5: f0991f0f84902f6b6009b4d2350a83aa
    sha256: b986ba796d42c9d3265602bc038f6f5264095702dd546c14bc684e60c385e773
  category: main
  optional: false
- name: cachecontrol
  version: 0.14.3
  manager: conda
  platform: linux-64
  dependencies:
    msgpack-python: '>=0.5.2,<2.0.0'
    python: '>=3.9'
    requests: '>=2.16.0'
  url: https://conda.anaconda.org/conda-forge/noarch/cachecontrol-0.14.3-pyha770c72_0.conda
  hash:
    md5: 241ef6e3db47a143ac34c21bfba510f1
    sha256: ec791bb6f1ef504411f87b28946a7ae63ed1f3681cefc462cf1dfdaf0790b6a9
  category: main
  optional: false
- name: cachecontrol-with-filecache
  version: 0.14.3
  manager: conda
  platform: linux-64
  dependencies:
    cachecontrol: 0.14.3
    filelock: '>=3.8.0'
    python: '>=3.9'
  url: https://conda.anaconda.org/conda-forge/noarch/cachecontrol-with-filecache-0.14.3-pyhd8ed1ab_0.conda
  hash:
    md5: b4af8c1b61929b1bcb001c2953882149
    sha256: 4ba4d08fba095556b7f1e06ec1dca068b367e68aadab0aca73115d02ddfcd518
  category: main
  optional: false
- name: cachy
  version: 0.3.0
  manager: conda
  platform: linux-64
  dependencies:
    python: '>=3.9'
  url: https://conda.anaconda.org/conda-forge/noarch/cachy-0.3.0-pyhd8ed1ab_2.conda
  hash:
    md5: 1efe226b868cf59b8330356c37c8186e
    sha256: 2560a98e3dc0ff4ff408a199d05922ae10fab2629417c4c4309e4226267cef8c
  category: main
  optional: false
- name: certifi
  version: 2025.11.12
  manager: conda
  platform: linux-64
  dependencies:
    python: '>=3.10'
  url: https://conda.anaconda.org/conda-forge/noarch/certifi-2025.11.12-pyhd8ed1ab_0.conda
  hash:
    md5: 96a02a5c1a65470a7e4eedb644c872fd
    sha256: 083a2bdad892ccf02b352ecab38ee86c3e610ba9a4b11b073ea769d55a115d32
  category: main
  optional: false
- name: cffi
  version: 2.0.0
  manager: conda
  platform: linux-64
  dependencies:
    __glibc: '>=2.17,<3.0.a0'
    libffi: '>=3.5.2,<3.6.0a0'
    libgcc: '>=14'
    pycparser: ''
    python: '>=3.11,<3.12.0a0'
    python_abi: 3.11.*
  url: https://conda.anaconda.org/conda-forge/linux-64/cffi-2.0.0-py311h03d9500_1.conda
  hash:
    md5: 3912e4373de46adafd8f1e97e4bd166b
    sha256: 3ad13377356c86d3a945ae30e9b8c8734300925ef81a3cb0a9db0d755afbe7bb
  category: main
  optional: false
- name: charset-normalizer
  version: 3.4.4
  manager: conda
  platform: linux-64
  dependencies:
    python: '>=3.10'
  url: https://conda.anaconda.org/conda-forge/noarch/charset-normalizer-3.4.4-pyhd8ed1ab_0.conda
  hash:
    md5: a22d1fd9bf98827e280a02875d9a007a
    sha256: b32f8362e885f1b8417bac2b3da4db7323faa12d5db62b7fd6691c02d60d6f59
  category: main
  optional: false
- name: click
  version: 8.3.1
  manager: conda
  platform: linux-64
  dependencies:
    __unix: ''
    python: '>=3.10'
  url: https://conda.anaconda.org/conda-forge/noarch/click-8.3.1-pyh707e725_0.conda
  hash:
    md5: 9ba00b39e03a0afb2b1cc0767d4c6175
    sha256: 970b12fb186c3451eee9dd0f10235aeb75fb570b0e9dc83250673c2f0b196265
  category: main
  optional: false
- name: click-default-group
  version: 1.2.4
  manager: conda
  platform: linux-64
  dependencies:
    click: ''
    python: '>=3.9'
  url: https://conda.anaconda.org/conda-forge/noarch/click-default-group-1.2.4-pyhd8ed1ab_1.conda
  hash:
    md5: 7cd83dd6831b61ad9624a694e4afd7dc
    sha256: cb7279eecddbd35ea78fd0e189a9a7db8b84c2c0e3b1271cf26251615f75dc4d
  category: main
  optional: false
- name: clikit
  version: 0.6.2
  manager: conda
  platform: linux-64
  dependencies:
    pastel: '>=0.2.0,<0.3.0'
    pylev: '>=1.3,<2.0'
    python: '>=3.9'
  url: https://conda.anaconda.org/conda-forge/noarch/clikit-0.6.2-pyhd8ed1ab_3.conda
  hash:
    md5: 37e178bf9356122c35005a62d850e5d9
    sha256: da000653be96a15b9aad5c59f655dbd4a60cb66fc0137e1018db9de76671bb08
  category: main
  optional: false
- name: conda-lock
  version: 2.5.8
  manager: conda
  platform: linux-64
  dependencies:
    cachecontrol-with-filecache: '>=0.12.9'
    cachy: '>=0.3.0'
    click: '>=8.0'
    click-default-group: ''
    clikit: '>=0.6.2'
    crashtest: '>=0.3.0'
    ensureconda: '>=1.4.4'
    gitpython: '>=3.1.30'
    html5lib: '>=1.0'
    jinja2: ''
    keyring: '>=21.2.0'
    packaging: '>=20.4'
    pkginfo: '>=1.4'
    pydantic: '>=1.10'
    python: '>=3.9'
    pyyaml: '>=5.1'
    requests: '>=2.18'
    ruamel.yaml: ''
    setuptools: ''
    tomli: ''
    tomlkit: '>=0.7.0'
    toolz: '>=0.12.0,<1.0.0'
    typing_extensions: ''
    urllib3: '>=1.26.5,<2.0'
    virtualenv: '>=20.0.26'
  url: https://conda.anaconda.org/conda-forge/noarch/conda-lock-2.5.8-pyhd8ed1ab_0.conda
  hash:
    md5: acb6e9fc244316cebd65ceb747438ae7
    sha256: 90ef28b4d32d355f6ef6db3341366ceac899b0cb949f373547d801a97f23fd95
  category: main
  optional: false
- name: conda-package-streaming
  version: 0.12.0
  manager: conda
  platform: linux-64
  dependencies:
    python: '>=3.9'
    zstandard: '>=0.15'
  url: https://conda.anaconda.org/conda-forge/noarch/conda-package-streaming-0.12.0-pyhd8ed1ab_0.conda
  hash:
    md5: ff75d06af779966a5aeae1be1d409b96
    sha256: 11b76b0be2f629e8035be1d723ccb6e583eb0d2af93bde56113da7fa6e2f2649
  category: main
  optional: false
- name: crashtest
  version: 0.4.1
  manager: conda
  platform: linux-64
  dependencies:
    python: '>=3.9,<4.0'
  url: https://conda.anaconda.org/conda-forge/noarch/crashtest-0.4.1-pyhd8ed1ab_1.conda
  hash:
    md5: e036e2f76d9c9aebc12510ed23352b6c
    sha256: af1622b15f8c7411d9c14b8adf970cec16fec8a28b98069fdf42b1cd2259ccc9
  category: main
  optional: false
- name: cryptography
  version: 46.0.3
  manager: conda
  platform: linux-64
  dependencies:
    __glibc: '>=2.17,<3.0.a0'
    cffi: '>=1.14'
    libgcc: '>=14'
    openssl: '>=3.5.4,<4.0a0'
    python: '>=3.11,<3.12.0a0'
    python_abi: 3.11.*
  url: https://conda.anaconda.org/conda-forge/linux-64/cryptography-46.0.3-py311h8488d03_0.conda
  hash:
    md5: 6bdc040b8f49f10d776ad2f9f5704e91
    sha256: 893d87bee341ce987fc8d461ff96c880d16568508318bbe524069ea3aa98599d
  category: main
  optional: false
- name: dbus
  version: 1.16.2
  manager: conda
  platform: linux-64
  dependencies:
    libstdcxx: '>=13'
    libgcc: '>=13'
    __glibc: '>=2.17,<3.0.a0'
    libexpat: '>=2.7.0,<3.0a0'
    libzlib: '>=1.3.1,<2.0a0'
    libglib: '>=2.84.2,<3.0a0'
  url: https://conda.anaconda.org/conda-forge/linux-64/dbus-1.16.2-h3c4dab8_0.conda
  hash:
    md5: 679616eb5ad4e521c83da4650860aba7
    sha256: 3b988146a50e165f0fa4e839545c679af88e4782ec284cc7b6d07dd226d6a068
  category: main
  optional: false
- name: distlib
  version: 0.4.0
  manager: conda
  platform: linux-64
  dependencies:
    python: '>=3.9'
  url: https://conda.anaconda.org/conda-forge/noarch/distlib-0.4.0-pyhd8ed1ab_0.conda
  hash:
    md5: 003b8ba0a94e2f1e117d0bd46aebc901
    sha256: 6d977f0b2fc24fee21a9554389ab83070db341af6d6f09285360b2e09ef8b26e
  category: main
  optional: false
- name: ensureconda
  version: 1.6.0
  manager: conda
  platform: linux-64
  dependencies:
    python: ''
    appdirs: ''
    click: '>=5.1'
    filelock: ''
    packaging: ''
    requests: '>=2'
    conda-package-streaming: ''
  url: https://conda.anaconda.org/conda-forge/noarch/ensureconda-1.6.0-pyhcf101f3_0.conda
  hash:
    md5: fcc02785e4da41e5f19f740e017b6ffb
    sha256: e3c35c7cee4e6db53de4ad1ca6d35b7aced263d21a6ee2dcdffe401135646ab2
  category: main
  optional: false
- name: filelock
  version: 3.20.0
  manager: conda
  platform: linux-64
  dependencies:
    python: '>=3.10'
  url: https://conda.anaconda.org/conda-forge/noarch/filelock-3.20.0-pyhd8ed1ab_0.conda
  hash:
    md5: 66b8b26023b8efdf8fcb23bac4b6325d
    sha256: 19025a4078ff3940d97eb0da29983d5e0deac9c3e09b0eabf897daeaf9d1114e
  category: main
  optional: false
- name: gitdb
  version: 4.0.12
  manager: conda
  platform: linux-64
  dependencies:
    python: '>=3.9'
    smmap: '>=3.0.1,<6'
  url: https://conda.anaconda.org/conda-forge/noarch/gitdb-4.0.12-pyhd8ed1ab_0.conda
  hash:
    md5: 7c14f3706e099f8fcd47af2d494616cc
    sha256: dbbec21a369872c8ebe23cb9a3b9d63638479ee30face165aa0fccc96e93eec3
  category: main
  optional: false
- name: gitpython
  version: 3.1.45
  manager: conda
  platform: linux-64
  dependencies:
    gitdb: '>=4.0.1,<5'
    python: '>=3.9'
    typing_extensions: '>=3.10.0.2'
  url: https://conda.anaconda.org/conda-forge/noarch/gitpython-3.1.45-pyhff2d567_0.conda
  hash:
    md5: b91d463ea8be13bcbe644ae8bc99c39f
    sha256: 12df2c971e98f30f2a9bec8aa96ea23092717ace109d16815eeb4c095f181aa2
  category: main
  optional: false
- name: html5lib
  version: '1.1'
  manager: conda
  platform: linux-64
  dependencies:
    python: '>=3.9'
    six: '>=1.9'
    webencodings: ''
  url: https://conda.anaconda.org/conda-forge/noarch/html5lib-1.1-pyhd8ed1ab_2.conda
  hash:
    md5: cf25bfddbd3bc275f3d3f9936cee1dd3
    sha256: 8027e436ad59e2a7392f6036392ef9d6c223798d8a1f4f12d5926362def02367
  category: main
  optional: false
- name: icu
  version: '75.1'
  manager: conda
  platform: linux-64
  dependencies:
    __glibc: '>=2.17,<3.0.a0'
    libgcc-ng: '>=12'
    libstdcxx-ng: '>=12'
  url: https://conda.anaconda.org/conda-forge/linux-64/icu-75.1-he02047a_0.conda
  hash:
    md5: 8b189310083baabfb622af68fd9d3ae3
    sha256: 71e750d509f5fa3421087ba88ef9a7b9be11c53174af3aa4d06aff4c18b38e8e
  category: main
  optional: false
- name: idna
  version: '3.11'
  manager: conda
  platform: linux-64
  dependencies:
    python: '>=3.10'
  url: https://conda.anaconda.org/conda-forge/noarch/idna-3.11-pyhd8ed1ab_0.conda
  hash:
    md5: 53abe63df7e10a6ba605dc5f9f961d36
    sha256: ae89d0299ada2a3162c2614a9d26557a92aa6a77120ce142f8e0109bbf0342b0
  category: main
  optional: false
- name: importlib-metadata
  version: 8.7.0
  manager: conda
  platform: linux-64
  dependencies:
    python: ''
    zipp: '>=3.20'
  url: https://conda.anaconda.org/conda-forge/noarch/importlib-metadata-8.7.0-pyhe01879c_1.conda
  hash:
    md5: 63ccfdc3a3ce25b027b8767eb722fca8
    sha256: c18ab120a0613ada4391b15981d86ff777b5690ca461ea7e9e49531e8f374745
  category: main
  optional: false
- name: importlib_resources
  version: 6.5.2
  manager: conda
  platform: linux-64
  dependencies:
    python: '>=3.9'
    zipp: '>=3.1.0'
  url: https://conda.anaconda.org/conda-forge/noarch/importlib_resources-6.5.2-pyhd8ed1ab_0.conda
  hash:
    md5: c85c76dc67d75619a92f51dfbce06992
    sha256: acc1d991837c0afb67c75b77fdc72b4bf022aac71fedd8b9ea45918ac9b08a80
  category: main
  optional: false
- name: jaraco.classes
  version: 3.4.0
  manager: conda
  platform: linux-64
  dependencies:
    more-itertools: ''
    python: '>=3.9'
  url: https://conda.anaconda.org/conda-forge/noarch/jaraco.classes-3.4.0-pyhd8ed1ab_2.conda
  hash:
    md5: ade6b25a6136661dadd1a43e4350b10b
    sha256: 3d16a0fa55a29fe723c918a979b2ee927eb0bf9616381cdfd26fa9ea2b649546
  category: main
  optional: false
- name: jaraco.context
  version: 6.0.1
  manager: conda
  platform: linux-64
  dependencies:
    backports.tarfile: ''
    python: '>=3.9'
  url: https://conda.anaconda.org/conda-forge/noarch/jaraco.context-6.0.1-pyhd8ed1ab_0.conda
  hash:
    md5: bcc023a32ea1c44a790bbf1eae473486
    sha256: bfaba92cd33a0ae2488ab64a1d4e062bcf52b26a71f88292c62386ccac4789d7
  category: main
  optional: false
- name: jaraco.functools
  version: 4.3.0
  manager: conda
  platform: linux-64
  dependencies:
    more-itertools: ''
    python: '>=3.9'
  url: https://conda.anaconda.org/conda-forge/noarch/jaraco.functools-4.3.0-pyhd8ed1ab_0.conda
  hash:
    md5: b86839fa387a5b904846e77c84167e57
    sha256: 89320bb2c6bef18f5109bee6cb07a193701cf00552a4cfc6f75073cf0d3e44f6
  category: main
  optional: false
- name: jeepney
  version: 0.9.0
  manager: conda
  platform: linux-64
  dependencies:
    python: '>=3.9'
  url: https://conda.anaconda.org/conda-forge/noarch/jeepney-0.9.0-pyhd8ed1ab_0.conda
  hash:
    md5: b4b91eb14fbe2f850dd2c5fc20676c0d
    sha256: 00d37d85ca856431c67c8f6e890251e7cc9e5ef3724a0302b8d4a101f22aa27f
  category: main
  optional: false
- name: jinja2
  version: 3.1.6
  manager: conda
  platform: linux-64
  dependencies:
    markupsafe: '>=2.0'
    python: '>=3.9'
  url: https://conda.anaconda.org/conda-forge/noarch/jinja2-3.1.6-pyhd8ed1ab_0.conda
  hash:
    md5: 446bd6c8cb26050d528881df495ce646
    sha256: f1ac18b11637ddadc05642e8185a851c7fab5998c6f5470d716812fae943b2af
  category: main
  optional: false
- name: keyring
  version: 25.7.0
  manager: conda
  platform: linux-64
  dependencies:
    __linux: ''
    importlib-metadata: '>=4.11.4'
    importlib_resources: ''
    jaraco.classes: ''
    jaraco.context: ''
    jaraco.functools: ''
    jeepney: '>=0.4.2'
    python: '>=3.10'
    secretstorage: '>=3.2'
  url: https://conda.anaconda.org/conda-forge/noarch/keyring-25.7.0-pyha804496_0.conda
  hash:
    md5: 9eeb0eaf04fa934808d3e070eebbe630
    sha256: 010718b1b1a35ce72782d38e6d6b9495d8d7d0dbea9a3e42901d030ff2189545
  category: main
  optional: false
- name: ld_impl_linux-64
  version: '2.45'
  manager: conda
  platform: linux-64
  dependencies:
    __glibc: '>=2.17,<3.0.a0'
    zstd: '>=1.5.7,<1.6.0a0'
  url: https://conda.anaconda.org/conda-forge/linux-64/ld_impl_linux-64-2.45-default_hbd61a6d_104.conda
  hash:
    md5: a6abd2796fc332536735f68ba23f7901
    sha256: 9e191baf2426a19507f1d0a17be0fdb7aa155cdf0f61d5a09c808e0a69464312
  category: main
  optional: false
- name: libblas
  version: 3.11.0
  manager: conda
  platform: linux-64
  dependencies:
    libopenblas: '>=0.3.30,<1.0a0'
  url: https://conda.anaconda.org/conda-forge/linux-64/libblas-3.11.0-2_h4a7cf45_openblas.conda
  hash:
    md5: 6146bf1b7f58113d54614c6ec683c14a
    sha256: 4287aa2742828dc869b09a17c9f1171903fc1146bdc8f7bdf62ffe5c20674f31
  category: main
  optional: false
- name: libcblas
  version: 3.11.0
  manager: conda
  platform: linux-64
  dependencies:
    libblas: 3.11.0
  url: https://conda.anaconda.org/conda-forge/linux-64/libcblas-3.11.0-2_h0358290_openblas.conda
  hash:
    md5: a84b2b7ed34206d14739fb8d29cd2799
    sha256: 02286c8941f156d11087dedc551b86b99bd55d9d4bdef61316566a2fc133608b
  category: main
  optional: false
- name: libexpat
  version: 2.7.3
  manager: conda
  platform: linux-64
  dependencies:
    __glibc: '>=2.17,<3.0.a0'
    libgcc: '>=14'
  url: https://conda.anaconda.org/conda-forge/linux-64/libexpat-2.7.3-hecca717_0.conda
  hash:
    md5: 8b09ae86839581147ef2e5c5e229d164
    sha256: 1e1b08f6211629cbc2efe7a5bca5953f8f6b3cae0eeb04ca4dacee1bd4e2db2f
  category: main
  optional: false
- name: libffi
  version: 3.5.2
  manager: conda
  platform: linux-64
  dependencies:
    __glibc: '>=2.17,<3.0.a0'
    libgcc: '>=14'
  url: https://conda.anaconda.org/conda-forge/linux-64/libffi-3.5.2-h9ec8514_0.conda
  hash:
    md5: 35f29eec58405aaf55e01cb470d8c26a
    sha256: 25cbdfa65580cfab1b8d15ee90b4c9f1e0d72128f1661449c9a999d341377d54
  category: main
  optional: false
- name: libgcc
  version: 15.2.0
  manager: conda
  platform: linux-64
  dependencies:
    __glibc: '>=2.17,<3.0.a0'
    _openmp_mutex: '>=4.5'
  url: https://conda.anaconda.org/conda-forge/linux-64/libgcc-15.2.0-he0feb66_12.conda
  hash:
    md5: b3137606149c607becd89faed5ee4ec6
    sha256: b2c57cebdcf243f71d96a6c934c643aebb5a38093eb61d8d1aa67dc2e03c9244
  category: main
  optional: false
- name: libgcc-ng
  version: 15.2.0
  manager: conda
  platform: linux-64
  dependencies:
    libgcc: 15.2.0
  url: https://conda.anaconda.org/conda-forge/linux-64/libgcc-ng-15.2.0-h69a702a_12.conda
  hash:
    md5: 3c4b621138fcfc95ba219344b8a0d91f
    sha256: b45f45c2362f9e8aaa5b875a7e612f4b4562bd136611a93b7642b45f7d1eaec3
  category: main
  optional: false
- name: libgfortran
  version: 15.2.0
  manager: conda
  platform: linux-64
  dependencies:
    libgfortran5: 15.2.0
  url: https://conda.anaconda.org/conda-forge/linux-64/libgfortran-15.2.0-h69a702a_12.conda
  hash:
    md5: 0ac333def43feadebcfbdb73b6098c03
    sha256: 9893dd3c099c84490d1e009bec37ce135882b015b848a25da3594a6b10655585
  category: main
  optional: false
- name: libgfortran5
  version: 15.2.0
  manager: conda
  platform: linux-64
  dependencies:
    __glibc: '>=2.17,<3.0.a0'
    libgcc: '>=15.2.0'
  url: https://conda.anaconda.org/conda-forge/linux-64/libgfortran5-15.2.0-h68bc16d_12.conda
  hash:
    md5: 3df163304a1e1f6796b6d1d28ed9bdd3
    sha256: 2d6181a368b93e0f3a8de30dda81792404453a3d3ee1aae0103411338cf2950c
  category: main
  optional: false
- name: libglib
  version: 2.86.2
  manager: conda
  platform: linux-64
  dependencies:
    __glibc: '>=2.17,<3.0.a0'
    libffi: '>=3.5.2,<3.6.0a0'
    libgcc: '>=14'
    libiconv: '>=1.18,<2.0a0'
    libzlib: '>=1.3.1,<2.0a0'
    pcre2: '>=10.47,<10.48.0a0'
  url: https://conda.anaconda.org/conda-forge/linux-64/libglib-2.86.2-h6548e54_1.conda
  hash:
    md5: f01292fb36b6d00d5c51e5d46b513bcf
    sha256: bc71e13726871b1de958b73c000391c89ca3430fe8c787f325e682e51acebea5
  category: main
  optional: false
- name: libgomp
  version: 15.2.0
  manager: conda
  platform: linux-64
  dependencies:
    __glibc: '>=2.17,<3.0.a0'
  url: https://conda.anaconda.org/conda-forge/linux-64/libgomp-15.2.0-he0feb66_12.conda
  hash:
    md5: 4881b9b732ee8b673cd46875d7d36fc6
    sha256: 49c313bb040d04512c5e29da169dec58c51c6535dc97cc5808d3614bc048723e
  category: main
  optional: false
- name: libiconv
  version: '1.18'
  manager: conda
  platform: linux-64
  dependencies:
    __glibc: '>=2.17,<3.0.a0'
    libgcc: '>=14'
  url: https://conda.anaconda.org/conda-forge/linux-64/libiconv-1.18-h3b78370_2.conda
  hash:
    md5: 915f5995e94f60e9a4826e0b0920ee88
    sha256: c467851a7312765447155e071752d7bf9bf44d610a5687e32706f480aad2833f
  category: main
  optional: false
- name: liblapack
  version: 3.11.0
  manager: conda
  platform: linux-64
  dependencies:
    libblas: 3.11.0
  url: https://conda.anaconda.org/conda-forge/linux-64/liblapack-3.11.0-2_h47877c9_openblas.conda
  hash:
    md5: 9fb20e74a7436dc94dd39d9a9decddc3
    sha256: d51497ff0af63c4fa854ee7eadca5589eebfc3c9f50eaaa5ede97becde4682ca
  category: main
  optional: false
- name: liblzma
  version: 5.8.1
  manager: conda
  platform: linux-64
  dependencies:
    __glibc: '>=2.17,<3.0.a0'
    libgcc: '>=13'
  url: https://conda.anaconda.org/conda-forge/linux-64/liblzma-5.8.1-hb9d3cd8_2.conda
  hash:
    md5: 1a580f7796c7bf6393fddb8bbbde58dc
    sha256: f2591c0069447bbe28d4d696b7fcb0c5bd0b4ac582769b89addbcf26fb3430d8
  category: main
  optional: false
- name: libnsl
  version: 2.0.1
  manager: conda
  platform: linux-64
  dependencies:
    __glibc: '>=2.17,<3.0.a0'
    libgcc: '>=13'
  url: https://conda.anaconda.org/conda-forge/linux-64/libnsl-2.0.1-hb9d3cd8_1.conda
  hash:
    md5: d864d34357c3b65a4b731f78c0801dc4
    sha256: 927fe72b054277cde6cb82597d0fcf6baf127dcbce2e0a9d8925a68f1265eef5
  category: main
  optional: false
- name: libopenblas
  version: 0.3.30
  manager: conda
  platform: linux-64
  dependencies:
    __glibc: '>=2.17,<3.0.a0'
    libgcc: '>=14'
    libgfortran: ''
    libgfortran5: '>=14.3.0'
  url: https://conda.anaconda.org/conda-forge/linux-64/libopenblas-0.3.30-pthreads_h94d23a6_4.conda
  hash:
    md5: be43915efc66345cccb3c310b6ed0374
    sha256: 199d79c237afb0d4780ccd2fbf829cea80743df60df4705202558675e07dd2c5
  category: main
  optional: false
- name: libsqlite
  version: 3.51.0
  manager: conda
  platform: linux-64
  dependencies:
    __glibc: '>=2.17,<3.0.a0'
    icu: '>=75.1,<76.0a0'
    libgcc: '>=14'
    libzlib: '>=1.3.1,<2.0a0'
  url: https://conda.anaconda.org/conda-forge/linux-64/libsqlite-3.51.0-hee844dc_0.conda
  hash:
    md5: 729a572a3ebb8c43933b30edcc628ceb
    sha256: 4c992dcd0e34b68f843e75406f7f303b1b97c248d18f3c7c330bdc0bc26ae0b3
  category: main
  optional: false
- name: libstdcxx
  version: 15.2.0
  manager: conda
  platform: linux-64
  dependencies:
    __glibc: '>=2.17,<3.0.a0'
    libgcc: 15.2.0
  url: https://conda.anaconda.org/conda-forge/linux-64/libstdcxx-15.2.0-h934c35e_12.conda
  hash:
    md5: b8ef46cab65ab6676c7d5c9581b17ebf
    sha256: 2954f7b21ad6f0f1b9b5eabf0595039c425f6f6267087e58310dc4855fee8383
  category: main
  optional: false
- name: libstdcxx-ng
  version: 15.2.0
  manager: conda
  platform: linux-64
  dependencies:
    libstdcxx: 15.2.0
  url: https://conda.anaconda.org/conda-forge/linux-64/libstdcxx-ng-15.2.0-hdf11a46_12.conda
  hash:
    md5: ac15e685fa88f7d070b60b396dd91017
    sha256: 7540d3b3577b058962d110dfa08ec2a278254dd6f9397d33ad0ede7bf222094e
  category: main
  optional: false
- name: libuuid
  version: 2.41.2
  manager: conda
  platform: linux-64
  dependencies:
    __glibc: '>=2.17,<3.0.a0'
    libgcc: '>=14'
  url: https://conda.anaconda.org/conda-forge/linux-64/libuuid-2.41.2-he9a06e4_0.conda
  hash:
    md5: 80c07c68d2f6870250959dcc95b209d1
    sha256: e5ec6d2ad7eef538ddcb9ea62ad4346fde70a4736342c4ad87bd713641eb9808
  category: main
  optional: false
- name: libxcrypt
  version: 4.4.36
  manager: conda
  platform: linux-64
  dependencies:
    libgcc-ng: '>=12'
  url: https://conda.anaconda.org/conda-forge/linux-64/libxcrypt-4.4.36-hd590300_1.conda
  hash:
    md5: 5aa797f8787fe7a17d1b0821485b5adc
    sha256: 6ae68e0b86423ef188196fff6207ed0c8195dd84273cb5623b85aa08033a410c
  category: main
  optional: false
- name: libzlib
  version: 1.3.1
  manager: conda
  platform: linux-64
  dependencies:
    __glibc: '>=2.17,<3.0.a0'
    libgcc: '>=13'
  url: https://conda.anaconda.org/conda-forge/linux-64/libzlib-1.3.1-hb9d3cd8_2.conda
  hash:
    md5: edb0dca6bc32e4f4789199455a1dbeb8
    sha256: d4bfe88d7cb447768e31650f06257995601f89076080e76df55e3112d4e47dc4
  category: main
  optional: false
- name: markupsafe
  version: 3.0.3
  manager: conda
  platform: linux-64
  dependencies:
    __glibc: '>=2.17,<3.0.a0'
    libgcc: '>=14'
    python: '>=3.11,<3.12.0a0'
    python_abi: 3.11.*
  url: https://conda.anaconda.org/conda-forge/linux-64/markupsafe-3.0.3-py311h3778330_0.conda
  hash:
    md5: 0954f1a6a26df4a510b54f73b2a0345c
    sha256: 66c072c37aefa046f3fd4ca69978429421ef9e8a8572e19de534272a6482e997
  category: main
  optional: false
- name: more-itertools
  version: 10.8.0
  manager: conda
  platform: linux-64
  dependencies:
    python: '>=3.10'
  url: https://conda.anaconda.org/conda-forge/noarch/more-itertools-10.8.0-pyhd8ed1ab_0.conda
  hash:
    md5: d7620a15dc400b448e1c88a981b23ddd
    sha256: fabe81c8f8f3e1d0ef227fc1306526c76189b3f1175f12302c707e0972dd707c
  category: main
  optional: false
- name: msgpack-python
  version: 1.1.2
  manager: conda
  platform: linux-64
  dependencies:
    __glibc: '>=2.17,<3.0.a0'
    libgcc: '>=14'
    libstdcxx: '>=14'
    python: '>=3.11,<3.12.0a0'
    python_abi: 3.11.*
  url: https://conda.anaconda.org/conda-forge/linux-64/msgpack-python-1.1.2-py311hdf67eae_1.conda
  hash:
    md5: c1153b2cb3318889ce624a3b4f0db7f7
    sha256: 8c81a6208def64afc3e208326d78d7af60bcbc32d44afe1269b332df84084f29
  category: main
  optional: false
- name: mypy_extensions
  version: 1.1.0
  manager: conda
  platform: linux-64
  dependencies:
    python: '>=3.9'
  url: https://conda.anaconda.org/conda-forge/noarch/mypy_extensions-1.1.0-pyha770c72_0.conda
  hash:
    md5: e9c622e0d00fa24a6292279af3ab6d06
    sha256: 6ed158e4e5dd8f6a10ad9e525631e35cee8557718f83de7a4e3966b1f772c4b1
  category: main
  optional: false
- name: ncurses
  version: '6.5'
  manager: conda
  platform: linux-64
  dependencies:
    __glibc: '>=2.17,<3.0.a0'
    libgcc: '>=13'
  url: https://conda.anaconda.org/conda-forge/linux-64/ncurses-6.5-h2d0b736_3.conda
  hash:
    md5: 47e340acb35de30501a76c7c799c41d7
    sha256: 3fde293232fa3fca98635e1167de6b7c7fda83caf24b9d6c91ec9eefb4f4d586
  category: main
  optional: false
- name: numpy
  version: 2.3.5
  manager: conda
  platform: linux-64
  dependencies:
    python: ''
    __glibc: '>=2.17,<3.0.a0'
    libgcc: '>=14'
    libstdcxx: '>=14'
    python_abi: 3.11.*
    libcblas: '>=3.9.0,<4.0a0'
    liblapack: '>=3.9.0,<4.0a0'
    libblas: '>=3.9.0,<4.0a0'
  url: https://conda.anaconda.org/conda-forge/linux-64/numpy-2.3.5-py311h2e04523_0.conda
  hash:
    md5: 01da92ddaf561cabebd06019ae521510
    sha256: 62953ae2bd17bb7e9d29721879e76bfdaa5c725cc1e28b3840be2d454467432a
  category: main
  optional: false
- name: openssl
  version: 3.6.0
  manager: conda
  platform: linux-64
  dependencies:
    __glibc: '>=2.17,<3.0.a0'
    ca-certificates: ''
    libgcc: '>=14'
  url: https://conda.anaconda.org/conda-forge/linux-64/openssl-3.6.0-h26f9b46_0.conda
  hash:
    md5: 9ee58d5c534af06558933af3c845a780
    sha256: a47271202f4518a484956968335b2521409c8173e123ab381e775c358c67fe6d
  category: main
  optional: false
- name: packaging
  version: '25.0'
  manager: conda
  platform: linux-64
  dependencies:
    python: ''
  url: https://conda.anaconda.org/conda-forge/noarch/packaging-25.0-pyh29332c3_1.conda
  hash:
    md5: 58335b26c38bf4a20f399384c33cbcf9
    sha256: 289861ed0c13a15d7bbb408796af4de72c2fe67e2bcb0de98f4c3fce259d7991
  category: main
  optional: false
- name: pandas
  version: 2.3.3
  manager: conda
  platform: linux-64
  dependencies:
    __glibc: '>=2.17,<3.0.a0'
    libgcc: '>=14'
    libstdcxx: '>=14'
    numpy: '>=1.23,<3'
    python: '>=3.11,<3.12.0a0'
    python-dateutil: '>=2.8.2'
    python-tzdata: '>=2022.7'
    python_abi: 3.11.*
    pytz: '>=2020.1'
  url: https://conda.anaconda.org/conda-forge/linux-64/pandas-2.3.3-py311hed34c8f_1.conda
  hash:
    md5: 72e3452bf0ff08132e86de0272f2fbb0
    sha256: c97f796345f5b9756e4404bbb4ee049afd5ea1762be6ee37ce99162cbee3b1d3
  category: main
  optional: false
- name: pandera
  version: 0.26.1
  manager: conda
  platform: linux-64
  dependencies:
    numpy: '>=1.24.4'
    pandas: '>=2.1.1'
    pandera-base: 0.26.1
  url: https://conda.anaconda.org/conda-forge/noarch/pandera-0.26.1-hd8ed1ab_0.conda
  hash:
    md5: ec76428eacdff80cb9093789fe5452a2
    sha256: 24558fcb6fa04a58807457060ec7122321263d74666ea3b16b899fffdd357b4a
  category: main
  optional: false
- name: pandera-base
  version: 0.26.1
  manager: conda
  platform: linux-64
  dependencies:
    packaging: '>=20.0'
    pydantic: ''
    python: '>=3.9'
    typeguard: ''
    typing_inspect: '>=0.6.0'
  url: https://conda.anaconda.org/conda-forge/noarch/pandera-base-0.26.1-pyhd8ed1ab_0.conda
  hash:
    md5: 0828883b7195bdb41c146bc5ff14c1b2
    sha256: 764fd54add6c8ae32753337c0d53fdeb46e78f8683be2bc6875a744f6a2137fb
  category: main
  optional: false
- name: pastel
  version: 0.2.1
  manager: conda
  platform: linux-64
  dependencies:
    python: '>=2.7'
  url: https://conda.anaconda.org/conda-forge/noarch/pastel-0.2.1-pyhd8ed1ab_0.tar.bz2
  hash:
    md5: a4eea5bff523f26442405bc5d1f52adb
    sha256: 9153f0f38c76a09da7688a61fdbf8f3d7504e2326bef53e4ec20d994311b15bd
  category: main
  optional: false
- name: pcre2
  version: '10.47'
  manager: conda
  platform: linux-64
  dependencies:
    __glibc: '>=2.17,<3.0.a0'
    bzip2: '>=1.0.8,<2.0a0'
    libgcc: '>=14'
    libzlib: '>=1.3.1,<2.0a0'
  url: https://conda.anaconda.org/conda-forge/linux-64/pcre2-10.47-haa7fec5_0.conda
  hash:
    md5: 7a3bff861a6583f1889021facefc08b1
    sha256: 5e6f7d161356fefd981948bea5139c5aa0436767751a6930cb1ca801ebb113ff
  category: main
  optional: false
- name: pip
  version: '25.3'
  manager: conda
  platform: linux-64
  dependencies:
    python: '>=3.10,<3.13.0a0'
    setuptools: ''
    wheel: ''
  url: https://conda.anaconda.org/conda-forge/noarch/pip-25.3-pyh8b19718_0.conda
  hash:
    md5: c55515ca43c6444d2572e0f0d93cb6b9
    sha256: b67692da1c0084516ac1c9ada4d55eaf3c5891b54980f30f3f444541c2706f1e
  category: main
  optional: false
- name: pkginfo
  version: 1.12.1.2
  manager: conda
  platform: linux-64
  dependencies:
    python: '>=3.9'
  url: https://conda.anaconda.org/conda-forge/noarch/pkginfo-1.12.1.2-pyhd8ed1ab_0.conda
  hash:
    md5: dc702b2fae7ebe770aff3c83adb16b63
    sha256: 353fd5a2c3ce31811a6272cd328874eb0d327b1eafd32a1e19001c4ad137ad3a
  category: main
  optional: false
- name: platformdirs
  version: 4.5.0
  manager: conda
  platform: linux-64
  dependencies:
    python: ''
  url: https://conda.anaconda.org/conda-forge/noarch/platformdirs-4.5.0-pyhcf101f3_0.conda
  hash:
    md5: 5c7a868f8241e64e1cf5fdf4962f23e2
    sha256: 7efd51b48d908de2d75cbb3c4a2e80dd9454e1c5bb8191b261af3136f7fa5888
  category: main
  optional: false
- name: pycparser
  version: '2.22'
  manager: conda
  platform: linux-64
  dependencies:
    python: ''
  url: https://conda.anaconda.org/conda-forge/noarch/pycparser-2.22-pyh29332c3_1.conda
  hash:
    md5: 12c566707c80111f9799308d9e265aef
    sha256: 79db7928d13fab2d892592223d7570f5061c192f27b9febd1a418427b719acc6
  category: main
  optional: false
- name: pydantic
  version: 2.12.4
  manager: conda
  platform: linux-64
  dependencies:
    annotated-types: '>=0.6.0'
    pydantic-core: 2.41.5
    python: '>=3.10'
    typing-extensions: '>=4.6.1'
    typing-inspection: '>=0.4.2'
    typing_extensions: '>=4.14.1'
  url: https://conda.anaconda.org/conda-forge/noarch/pydantic-2.12.4-pyh3cfb1c2_0.conda
  hash:
    md5: bf6ce72315b6759453d8c90a894e9e4c
    sha256: c51297f0f6ef13776cc5b61c37d00c0d45faaed34f81d196e64bebc989f3e497
  category: main
  optional: false
- name: pydantic-core
  version: 2.41.5
  manager: conda
  platform: linux-64
  dependencies:
    python: ''
    typing-extensions: '>=4.6.0,!=4.7.0'
    libgcc: '>=14'
    __glibc: '>=2.17,<3.0.a0'
    python_abi: 3.11.*
  url: https://conda.anaconda.org/conda-forge/linux-64/pydantic-core-2.41.5-py311h902ca64_1.conda
  hash:
    md5: 08d407f0331ff8e871db23bec7eef83c
    sha256: da6e2060a91de065031214f9ca56e24906785ea412cd274d1f32128992dc0d43
  category: main
  optional: false
- name: pylev
  version: 1.4.0
  manager: conda
  platform: linux-64
  dependencies:
    python: '>=3.3'
  url: https://conda.anaconda.org/conda-forge/noarch/pylev-1.4.0-pyhd8ed1ab_0.tar.bz2
  hash:
    md5: edf8651c4379d9d1495ad6229622d150
    sha256: 50bd91767686bfe769e50a5a1b883e238d944a6163fea43e7c0beaac54ca674f
  category: main
  optional: false
- name: pysocks
  version: 1.7.1
  manager: conda
  platform: linux-64
  dependencies:
    __unix: ''
    python: '>=3.9'
  url: https://conda.anaconda.org/conda-forge/noarch/pysocks-1.7.1-pyha55dd90_7.conda
  hash:
    md5: 461219d1a5bd61342293efa2c0c90eac
    sha256: ba3b032fa52709ce0d9fd388f63d330a026754587a2f461117cac9ab73d8d0d8
  category: main
  optional: false
- name: python
  version: 3.11.14
  manager: conda
  platform: linux-64
  dependencies:
    __glibc: '>=2.17,<3.0.a0'
    bzip2: '>=1.0.8,<2.0a0'
    ld_impl_linux-64: '>=2.36.1'
    libexpat: '>=2.7.1,<3.0a0'
    libffi: '>=3.5.2,<3.6.0a0'
    libgcc: '>=14'
    liblzma: '>=5.8.1,<6.0a0'
    libnsl: '>=2.0.1,<2.1.0a0'
    libsqlite: '>=3.50.4,<4.0a0'
    libuuid: '>=2.41.2,<3.0a0'
    libxcrypt: '>=4.4.36'
    libzlib: '>=1.3.1,<2.0a0'
    ncurses: '>=6.5,<7.0a0'
    openssl: '>=3.5.4,<4.0a0'
    readline: '>=8.2,<9.0a0'
    tk: '>=8.6.13,<8.7.0a0'
    tzdata: ''
    pip: ''
  url: https://conda.anaconda.org/conda-forge/linux-64/python-3.11.14-hd63d673_2_cpython.conda
  hash:
    md5: c4202a55b4486314fbb8c11bc43a29a0
    sha256: 5b872f7747891e50e990a96d2b235236a5c66cc9f8c9dcb7149aee674ea8145a
  category: main
  optional: false
- name: python-dateutil
  version: 2.9.0.post0
  manager: conda
  platform: linux-64
  dependencies:
    python: ''
    six: '>=1.5'
  url: https://conda.anaconda.org/conda-forge/noarch/python-dateutil-2.9.0.post0-pyhe01879c_2.conda
  hash:
    md5: 5b8d21249ff20967101ffa321cab24e8
    sha256: d6a17ece93bbd5139e02d2bd7dbfa80bee1a4261dced63f65f679121686bf664
  category: main
  optional: false
- name: python-tzdata
  version: '2025.2'
  manager: conda
  platform: linux-64
  dependencies:
    python: '>=3.9'
  url: https://conda.anaconda.org/conda-forge/noarch/python-tzdata-2025.2-pyhd8ed1ab_0.conda
  hash:
    md5: 88476ae6ebd24f39261e0854ac244f33
    sha256: e8392a8044d56ad017c08fec2b0eb10ae3d1235ac967d0aab8bd7b41c4a5eaf0
  category: main
  optional: false
- name: python_abi
  version: '3.11'
  manager: conda
  platform: linux-64
  dependencies: {}
  url: https://conda.anaconda.org/conda-forge/noarch/python_abi-3.11-8_cp311.conda
  hash:
    md5: 8fcb6b0e2161850556231336dae58358
    sha256: fddf123692aa4b1fc48f0471e346400d9852d96eeed77dbfdd746fa50a8ff894
  category: main
  optional: false
- name: pytz
  version: '2025.2'
  manager: conda
  platform: linux-64
  dependencies:
    python: '>=3.9'
  url: https://conda.anaconda.org/conda-forge/noarch/pytz-2025.2-pyhd8ed1ab_0.conda
  hash:
    md5: bc8e3267d44011051f2eb14d22fb0960
    sha256: 8d2a8bf110cc1fc3df6904091dead158ba3e614d8402a83e51ed3a8aa93cdeb0
  category: main
  optional: false
- name: pyyaml
  version: 6.0.3
  manager: conda
  platform: linux-64
  dependencies:
    __glibc: '>=2.17,<3.0.a0'
    libgcc: '>=14'
    python: '>=3.11,<3.12.0a0'
    python_abi: 3.11.*
    yaml: '>=0.2.5,<0.3.0a0'
  url: https://conda.anaconda.org/conda-forge/linux-64/pyyaml-6.0.3-py311h3778330_0.conda
  hash:
    md5: 707c3d23f2476d3bfde8345b4e7d7853
    sha256: 7dc5c27c0c23474a879ef5898ed80095d26de7f89f4720855603c324cca19355
  category: main
  optional: false
- name: readline
  version: '8.2'
  manager: conda
  platform: linux-64
  dependencies:
    libgcc: '>=13'
    ncurses: '>=6.5,<7.0a0'
  url: https://conda.anaconda.org/conda-forge/linux-64/readline-8.2-h8c095d6_2.conda
  hash:
    md5: 283b96675859b20a825f8fa30f311446
    sha256: 2d6d0c026902561ed77cd646b5021aef2d4db22e57a5b0178dfc669231e06d2c
  category: main
  optional: false
- name: requests
  version: 2.32.5
  manager: conda
  platform: linux-64
  dependencies:
    certifi: '>=2017.4.17'
    charset-normalizer: '>=2,<4'
    idna: '>=2.5,<4'
    python: '>=3.9'
    urllib3: '>=1.21.1,<3'
  url: https://conda.anaconda.org/conda-forge/noarch/requests-2.32.5-pyhd8ed1ab_0.conda
  hash:
    md5: db0c6b99149880c8ba515cf4abe93ee4
    sha256: 8dc54e94721e9ab545d7234aa5192b74102263d3e704e6d0c8aa7008f2da2a7b
  category: main
  optional: false
- name: ruamel.yaml
  version: 0.18.16
  manager: conda
  platform: linux-64
  dependencies:
    __glibc: '>=2.17,<3.0.a0'
    libgcc: '>=14'
    python: '>=3.11,<3.12.0a0'
    python_abi: 3.11.*
    ruamel.yaml.clib: '>=0.1.2'
  url: https://conda.anaconda.org/conda-forge/linux-64/ruamel.yaml-0.18.16-py311h49ec1c0_0.conda
  hash:
    md5: 945689ec8e69e9f254eceef82c9f932f
    sha256: 3ad29409ab3742a4cab9e42fc936a2678249c97bbe014905d215afab3aaf13bb
  category: main
  optional: false
- name: ruamel.yaml.clib
  version: 0.2.14
  manager: conda
  platform: linux-64
  dependencies:
    __glibc: '>=2.17,<3.0.a0'
    libgcc: '>=14'
    python: '>=3.11,<3.12.0a0'
    python_abi: 3.11.*
  url: https://conda.anaconda.org/conda-forge/linux-64/ruamel.yaml.clib-0.2.14-py311h49ec1c0_0.conda
  hash:
    md5: 4942e6597e5fc980020b648353c711d4
    sha256: c17b1dc975839a35efc434d3391b8aaa1977a541641d8729c883d5106fb64b97
  category: main
  optional: false
- name: secretstorage
  version: 3.4.1
  manager: conda
  platform: linux-64
  dependencies:
    cryptography: '>=2.0'
    dbus: ''
    jeepney: '>=0.6'
    python: '>=3.11,<3.12.0a0'
    python_abi: 3.11.*
  url: https://conda.anaconda.org/conda-forge/linux-64/secretstorage-3.4.1-py311h38be061_0.conda
  hash:
    md5: ec955e67147942a68469a46d0bdf0a7b
    sha256: 47f28b12e760ae3ce8a1e616c5b56f5e874e0e4a036bdd09516ebf263c19521f
  category: main
  optional: false
- name: setuptools
  version: 80.9.0
  manager: conda
  platform: linux-64
  dependencies:
    python: '>=3.9'
  url: https://conda.anaconda.org/conda-forge/noarch/setuptools-80.9.0-pyhff2d567_0.conda
  hash:
    md5: 4de79c071274a53dcaf2a8c749d1499e
    sha256: 972560fcf9657058e3e1f97186cc94389144b46dbdf58c807ce62e83f977e863
  category: main
  optional: false
- name: six
  version: 1.17.0
  manager: conda
  platform: linux-64
  dependencies:
    python: ''
  url: https://conda.anaconda.org/conda-forge/noarch/six-1.17.0-pyhe01879c_1.conda
  hash:
    md5: 3339e3b65d58accf4ca4fb8748ab16b3
    sha256: 458227f759d5e3fcec5d9b7acce54e10c9e1f4f4b7ec978f3bfd54ce4ee9853d
  category: main
  optional: false
- name: smmap
  version: 5.0.2
  manager: conda
  platform: linux-64
  dependencies:
    python: '>=3.9'
  url: https://conda.anaconda.org/conda-forge/noarch/smmap-5.0.2-pyhd8ed1ab_0.conda
  hash:
    md5: 87f47a78808baf2fa1ea9c315a1e48f1
    sha256: eb92d0ad94b65af16c73071cc00cc0e10f2532be807beb52758aab2b06eb21e2
  category: main
  optional: false
- name: tk
  version: 8.6.13
  manager: conda
  platform: linux-64
  dependencies:
    __glibc: '>=2.17,<3.0.a0'
    libgcc: '>=13'
    libzlib: '>=1.3.1,<2.0a0'
  url: https://conda.anaconda.org/conda-forge/linux-64/tk-8.6.13-noxft_ha0e22de_103.conda
  hash:
    md5: 86bc20552bf46075e3d92b67f089172d
    sha256: 1544760538a40bcd8ace2b1d8ebe3eb5807ac268641f8acdc18c69c5ebfeaf64
  category: main
  optional: false
- name: tomli
  version: 2.3.0
  manager: conda
  platform: linux-64
  dependencies:
    python: ''
  url: https://conda.anaconda.org/conda-forge/noarch/tomli-2.3.0-pyhcf101f3_0.conda
  hash:
    md5: d2732eb636c264dc9aa4cbee404b1a53
    sha256: cb77c660b646c00a48ef942a9e1721ee46e90230c7c570cdeb5a893b5cce9bff
  category: main
  optional: false
- name: tomlkit
  version: 0.13.3
  manager: conda
  platform: linux-64
  dependencies:
    python: '>=3.9'
  url: https://conda.anaconda.org/conda-forge/noarch/tomlkit-0.13.3-pyha770c72_0.conda
  hash:
    md5: 146402bf0f11cbeb8f781fa4309a95d3
    sha256: f8d3b49c084831a20923f66826f30ecfc55a4cd951e544b7213c692887343222
  category: main
  optional: false
- name: toolz
  version: 0.12.1
  manager: conda
  platform: linux-64
  dependencies:
    python: '>=3.7'
  url: https://conda.anaconda.org/conda-forge/noarch/toolz-0.12.1-pyhd8ed1ab_0.conda
  hash:
    md5: 2fcb582444635e2c402e8569bb94e039
    sha256: 22b0a9790317526e08609d5dfdd828210ae89e6d444a9e954855fc29012e90c6
  category: main
  optional: false
- name: typeguard
  version: 4.4.4
  manager: conda
  platform: linux-64
  dependencies:
    importlib-metadata: '>=3.6'
    python: '>=3.9'
    typing-extensions: '>=4.10.0'
    typing_extensions: '>=4.14.0'
  url: https://conda.anaconda.org/conda-forge/noarch/typeguard-4.4.4-pyhd8ed1ab_0.conda
  hash:
    md5: 8b2613dbfd4e2bc9080b2779b53fc210
    sha256: 591e03a61b4966a61b15a99f91d462840b6e77bf707ecb48690b24649fee921a
  category: main
  optional: false
- name: typing-extensions
  version: 4.15.0
  manager: conda
  platform: linux-64
  dependencies:
    typing_extensions: ==4.15.0
  url: https://conda.anaconda.org/conda-forge/noarch/typing-extensions-4.15.0-h396c80c_0.conda
  hash:
    md5: edd329d7d3a4ab45dcf905899a7a6115
    sha256: 7c2df5721c742c2a47b2c8f960e718c930031663ac1174da67c1ed5999f7938c
  category: main
  optional: false
- name: typing-inspection
  version: 0.4.2
  manager: conda
  platform: linux-64
  dependencies:
    python: '>=3.10'
    typing_extensions: '>=4.12.0'
  url: https://conda.anaconda.org/conda-forge/noarch/typing-inspection-0.4.2-pyhd8ed1ab_1.conda
  hash:
    md5: a0a4a3035667fc34f29bfbd5c190baa6
    sha256: 70db27de58a97aeb7ba7448366c9853f91b21137492e0b4430251a1870aa8ff4
  category: main
  optional: false
- name: typing_extensions
  version: 4.15.0
  manager: conda
  platform: linux-64
  dependencies:
    python: ''
  url: https://conda.anaconda.org/conda-forge/noarch/typing_extensions-4.15.0-pyhcf101f3_0.conda
  hash:
    md5: 0caa1af407ecff61170c9437a808404d
    sha256: 032271135bca55aeb156cee361c81350c6f3fb203f57d024d7e5a1fc9ef18731
  category: main
  optional: false
- name: typing_inspect
  version: 0.9.0
  manager: conda
  platform: linux-64
  dependencies:
    mypy_extensions: '>=0.3.0'
    python: '>=3.9'
    typing_extensions: '>=3.7.4'
  url: https://conda.anaconda.org/conda-forge/noarch/typing_inspect-0.9.0-pyhd8ed1ab_1.conda
  hash:
    md5: fa31df4d4193aabccaf09ce78a187faf
    sha256: a3fbdd31b509ff16c7314e8d01c41d9146504df632a360ab30dbc1d3ca79b7c0
  category: main
  optional: false
- name: tzdata
  version: 2025b
  manager: conda
  platform: linux-64
  dependencies: {}
  url: https://conda.anaconda.org/conda-forge/noarch/tzdata-2025b-h78e105d_0.conda
  hash:
    md5: 4222072737ccff51314b5ece9c7d6f5a
    sha256: 5aaa366385d716557e365f0a4e9c3fca43ba196872abbbe3d56bb610d131e192
  category: main
  optional: false
- name: urllib3
  version: 1.26.20
  manager: conda
  platform: linux-64
  dependencies:
    brotli-python: '>=1.0.9'
    pysocks: '>=1.5.6,<2.0,!=1.5.7'
    python: '>=3.10'
  url: https://conda.anaconda.org/conda-forge/noarch/urllib3-1.26.20-pyhd8ed1ab_0.conda
  hash:
    md5: 0511ede4b6dd034d77fa80c6d09794e1
    sha256: 97aa149dfac27182d1fc8f7990f7c894a0167180e3edb6e7c6bdbcd7845bb854
  category: main
  optional: false
- name: virtualenv
  version: 20.35.4
  manager: conda
  platform: linux-64
  dependencies:
    distlib: '>=0.3.7,<1'
    filelock: '>=3.12.2,<4'
    platformdirs: '>=3.9.1,<5'
    python: '>=3.10'
    typing_extensions: '>=4.13.2'
  url: https://conda.anaconda.org/conda-forge/noarch/virtualenv-20.35.4-pyhd8ed1ab_0.conda
  hash:
    md5: cfccfd4e8d9de82ed75c8e2c91cab375
    sha256: 77193c99c6626c58446168d3700f9643d8c0dab1f6deb6b9dd039e6872781bfb
  category: main
  optional: false
- name: webencodings
  version: 0.5.1
  manager: conda
  platform: linux-64
  dependencies:
    python: '>=3.9'
  url: https://conda.anaconda.org/conda-forge/noarch/webencodings-0.5.1-pyhd8ed1ab_3.conda
  hash:
    md5: 2841eb5bfc75ce15e9a0054b98dcd64d
    sha256: 19ff205e138bb056a46f9e3839935a2e60bd1cf01c8241a5e172a422fed4f9c6
  category: main
  optional: false
- name: wheel
  version: 0.45.1
  manager: conda
  platform: linux-64
  dependencies:
    python: '>=3.9'
  url: https://conda.anaconda.org/conda-forge/noarch/wheel-0.45.1-pyhd8ed1ab_1.conda
  hash:
    md5: 75cb7132eb58d97896e173ef12ac9986
    sha256: 1b34021e815ff89a4d902d879c3bd2040bc1bd6169b32e9427497fa05c55f1ce
  category: main
  optional: false
- name: yaml
  version: 0.2.5
  manager: conda
  platform: linux-64
  dependencies:
    libgcc: '>=14'
    __glibc: '>=2.17,<3.0.a0'
  url: https://conda.anaconda.org/conda-forge/linux-64/yaml-0.2.5-h280c20c_3.conda
  hash:
    md5: a77f85f77be52ff59391544bfe73390a
    sha256: 6d9ea2f731e284e9316d95fa61869fe7bbba33df7929f82693c121022810f4ad
  category: main
  optional: false
- name: zipp
  version: 3.23.0
  manager: conda
  platform: linux-64
  dependencies:
    python: '>=3.9'
  url: https://conda.anaconda.org/conda-forge/noarch/zipp-3.23.0-pyhd8ed1ab_0.conda
  hash:
    md5: df5e78d904988eb55042c0c97446079f
    sha256: 7560d21e1b021fd40b65bfb72f67945a3fcb83d78ad7ccf37b8b3165ec3b68ad
  category: main
  optional: false
- name: zstandard
  version: 0.25.0
  manager: conda
  platform: linux-64
  dependencies:
    python: ''
    cffi: '>=1.11'
    zstd: '>=1.5.7,<1.6.0a0'
    libgcc: '>=14'
    __glibc: '>=2.17,<3.0.a0'
    python_abi: 3.11.*
  url: https://conda.anaconda.org/conda-forge/linux-64/zstandard-0.25.0-py311haee01d2_1.conda
  hash:
    md5: ca45bfd4871af957aaa5035593d5efd2
    sha256: d534a6518c2d8eccfa6579d75f665261484f0f2f7377b50402446a9433d46234
  category: main
  optional: false
- name: zstd
  version: 1.5.7
  manager: conda
  platform: linux-64
  dependencies:
    __glibc: '>=2.17,<3.0.a0'
    libgcc: '>=13'
    libstdcxx: '>=13'
    libzlib: '>=1.3.1,<2.0a0'
  url: https://conda.anaconda.org/conda-forge/linux-64/zstd-1.5.7-hb8e6e7a_2.conda
  hash:
    md5: 6432cb5d4ac0046c3ac0a8a0f95842f9
    sha256: a4166e3d8ff4e35932510aaff7aa90772f84b4d07e9f6f83c614cba7ceefe0eb
  category: main
  optional: false
