# This lock file was generated by conda-lock (https://github.com/conda/conda-lock). DO NOT EDIT!
#
# A "lock file" contains a concrete list of package versions (with checksums) to be installed. Unlike
# e.g. `conda env create`, the resulting environment will not change as new package versions become
# available, unless you explicitly update the lock file.
#
# Install this environment as "YOURENV" with:
#     conda-lock install -n YOURENV conda-lock.yml
# To update a single package to the latest version compatible with the version constraints in the source:
#     conda-lock lock  --lockfile conda-lock.yml --update PACKAGE
# To re-solve the entire environment, e.g. after changing a version constraint in the source file:
#     conda-lock -f environment.yml --lockfile conda-lock.yml
version: 1
metadata:
  content_hash:
    linux-64: 1e3bd979a77eed8aa11e6a45c054cc249932823d662c8f1606bff2a7f415f663
  channels:
  - url: conda-forge
    used_env_vars: []
  platforms:
  - linux-64
  sources:
  - environment.yml
package:
- name: _libgcc_mutex
  version: '0.1'
  manager: conda
  platform: linux-64
  dependencies: {}
  url: https://conda.anaconda.org/conda-forge/linux-64/_libgcc_mutex-0.1-conda_forge.tar.bz2
  hash:
    md5: d7c89558ba9fa0495403155b64376d81
    sha256: fe51de6107f9edc7aa4f786a70f4a883943bc9d39b3bb7307c04c41410990726
  category: main
  optional: false
- name: _openmp_mutex
  version: '4.5'
  manager: conda
  platform: linux-64
  dependencies:
    _libgcc_mutex: '0.1'
    libgomp: '>=7.5.0'
  url: https://conda.anaconda.org/conda-forge/linux-64/_openmp_mutex-4.5-2_gnu.tar.bz2
  hash:
    md5: 73aaf86a425cc6e73fcf236a5a46396d
    sha256: fbe2c5e56a653bebb982eda4876a9178aedfc2b545f25d0ce9c4c0b508253d22
  category: main
  optional: false
- name: annotated-types
  version: 0.7.0
  manager: conda
  platform: linux-64
  dependencies:
    python: '>=3.9'
    typing-extensions: '>=4.0.0'
  url: https://conda.anaconda.org/conda-forge/noarch/annotated-types-0.7.0-pyhd8ed1ab_1.conda
  hash:
    md5: 2934f256a8acfe48f6ebb4fce6cde29c
    sha256: e0ea1ba78fbb64f17062601edda82097fcf815012cf52bb704150a2668110d48
  category: main
  optional: false
- name: bzip2
  version: 1.0.8
  manager: conda
  platform: linux-64
  dependencies:
    __glibc: '>=2.17,<3.0.a0'
    libgcc: '>=14'
  url: https://conda.anaconda.org/conda-forge/linux-64/bzip2-1.0.8-hda65f42_8.conda
  hash:
    md5: 51a19bba1b8ebfb60df25cde030b7ebc
    sha256: c30daba32ddebbb7ded490f0e371eae90f51e72db620554089103b4a6934b0d5
  category: main
  optional: false
- name: ca-certificates
  version: 2025.11.12
  manager: conda
  platform: linux-64
  dependencies:
    __unix: ''
  url: https://conda.anaconda.org/conda-forge/noarch/ca-certificates-2025.11.12-hbd8a1cb_0.conda
  hash:
    md5: f0991f0f84902f6b6009b4d2350a83aa
    sha256: b986ba796d42c9d3265602bc038f6f5264095702dd546c14bc684e60c385e773
  category: main
  optional: false
- name: icu
  version: '75.1'
  manager: conda
  platform: linux-64
  dependencies:
    __glibc: '>=2.17,<3.0.a0'
    libgcc-ng: '>=12'
    libstdcxx-ng: '>=12'
  url: https://conda.anaconda.org/conda-forge/linux-64/icu-75.1-he02047a_0.conda
  hash:
    md5: 8b189310083baabfb622af68fd9d3ae3
    sha256: 71e750d509f5fa3421087ba88ef9a7b9be11c53174af3aa4d06aff4c18b38e8e
  category: main
  optional: false
- name: importlib-metadata
  version: 8.7.0
  manager: conda
  platform: linux-64
  dependencies:
    python: ''
    zipp: '>=3.20'
  url: https://conda.anaconda.org/conda-forge/noarch/importlib-metadata-8.7.0-pyhe01879c_1.conda
  hash:
    md5: 63ccfdc3a3ce25b027b8767eb722fca8
    sha256: c18ab120a0613ada4391b15981d86ff777b5690ca461ea7e9e49531e8f374745
  category: main
  optional: false
- name: ld_impl_linux-64
  version: '2.45'
  manager: conda
  platform: linux-64
  dependencies:
    __glibc: '>=2.17,<3.0.a0'
    zstd: '>=1.5.7,<1.6.0a0'
  url: https://conda.anaconda.org/conda-forge/linux-64/ld_impl_linux-64-2.45-default_hbd61a6d_104.conda
  hash:
    md5: a6abd2796fc332536735f68ba23f7901
    sha256: 9e191baf2426a19507f1d0a17be0fdb7aa155cdf0f61d5a09c808e0a69464312
  category: main
  optional: false
- name: libblas
  version: 3.11.0
  manager: conda
  platform: linux-64
  dependencies:
    libopenblas: '>=0.3.30,<1.0a0'
  url: https://conda.anaconda.org/conda-forge/linux-64/libblas-3.11.0-2_h4a7cf45_openblas.conda
  hash:
    md5: 6146bf1b7f58113d54614c6ec683c14a
    sha256: 4287aa2742828dc869b09a17c9f1171903fc1146bdc8f7bdf62ffe5c20674f31
  category: main
  optional: false
- name: libcblas
  version: 3.11.0
  manager: conda
  platform: linux-64
  dependencies:
    libblas: 3.11.0
  url: https://conda.anaconda.org/conda-forge/linux-64/libcblas-3.11.0-2_h0358290_openblas.conda
  hash:
    md5: a84b2b7ed34206d14739fb8d29cd2799
    sha256: 02286c8941f156d11087dedc551b86b99bd55d9d4bdef61316566a2fc133608b
  category: main
  optional: false
- name: libexpat
  version: 2.7.3
  manager: conda
  platform: linux-64
  dependencies:
    __glibc: '>=2.17,<3.0.a0'
    libgcc: '>=14'
  url: https://conda.anaconda.org/conda-forge/linux-64/libexpat-2.7.3-hecca717_0.conda
  hash:
    md5: 8b09ae86839581147ef2e5c5e229d164
    sha256: 1e1b08f6211629cbc2efe7a5bca5953f8f6b3cae0eeb04ca4dacee1bd4e2db2f
  category: main
  optional: false
- name: libffi
  version: 3.5.2
  manager: conda
  platform: linux-64
  dependencies:
    __glibc: '>=2.17,<3.0.a0'
    libgcc: '>=14'
  url: https://conda.anaconda.org/conda-forge/linux-64/libffi-3.5.2-h9ec8514_0.conda
  hash:
    md5: 35f29eec58405aaf55e01cb470d8c26a
    sha256: 25cbdfa65580cfab1b8d15ee90b4c9f1e0d72128f1661449c9a999d341377d54
  category: main
  optional: false
- name: libgcc
  version: 15.2.0
  manager: conda
  platform: linux-64
  dependencies:
    __glibc: '>=2.17,<3.0.a0'
    _openmp_mutex: '>=4.5'
  url: https://conda.anaconda.org/conda-forge/linux-64/libgcc-15.2.0-he0feb66_12.conda
  hash:
    md5: b3137606149c607becd89faed5ee4ec6
    sha256: b2c57cebdcf243f71d96a6c934c643aebb5a38093eb61d8d1aa67dc2e03c9244
  category: main
  optional: false
- name: libgcc-ng
  version: 15.2.0
  manager: conda
  platform: linux-64
  dependencies:
    libgcc: 15.2.0
  url: https://conda.anaconda.org/conda-forge/linux-64/libgcc-ng-15.2.0-h69a702a_12.conda
  hash:
    md5: 3c4b621138fcfc95ba219344b8a0d91f
    sha256: b45f45c2362f9e8aaa5b875a7e612f4b4562bd136611a93b7642b45f7d1eaec3
  category: main
  optional: false
- name: libgfortran
  version: 15.2.0
  manager: conda
  platform: linux-64
  dependencies:
    libgfortran5: 15.2.0
  url: https://conda.anaconda.org/conda-forge/linux-64/libgfortran-15.2.0-h69a702a_12.conda
  hash:
    md5: 0ac333def43feadebcfbdb73b6098c03
    sha256: 9893dd3c099c84490d1e009bec37ce135882b015b848a25da3594a6b10655585
  category: main
  optional: false
- name: libgfortran5
  version: 15.2.0
  manager: conda
  platform: linux-64
  dependencies:
    __glibc: '>=2.17,<3.0.a0'
    libgcc: '>=15.2.0'
  url: https://conda.anaconda.org/conda-forge/linux-64/libgfortran5-15.2.0-h68bc16d_12.conda
  hash:
    md5: 3df163304a1e1f6796b6d1d28ed9bdd3
    sha256: 2d6181a368b93e0f3a8de30dda81792404453a3d3ee1aae0103411338cf2950c
  category: main
  optional: false
- name: libgomp
  version: 15.2.0
  manager: conda
  platform: linux-64
  dependencies:
    __glibc: '>=2.17,<3.0.a0'
  url: https://conda.anaconda.org/conda-forge/linux-64/libgomp-15.2.0-he0feb66_12.conda
  hash:
    md5: 4881b9b732ee8b673cd46875d7d36fc6
    sha256: 49c313bb040d04512c5e29da169dec58c51c6535dc97cc5808d3614bc048723e
  category: main
  optional: false
- name: liblapack
  version: 3.11.0
  manager: conda
  platform: linux-64
  dependencies:
    libblas: 3.11.0
  url: https://conda.anaconda.org/conda-forge/linux-64/liblapack-3.11.0-2_h47877c9_openblas.conda
  hash:
    md5: 9fb20e74a7436dc94dd39d9a9decddc3
    sha256: d51497ff0af63c4fa854ee7eadca5589eebfc3c9f50eaaa5ede97becde4682ca
  category: main
  optional: false
- name: liblzma
  version: 5.8.1
  manager: conda
  platform: linux-64
  dependencies:
    __glibc: '>=2.17,<3.0.a0'
    libgcc: '>=13'
  url: https://conda.anaconda.org/conda-forge/linux-64/liblzma-5.8.1-hb9d3cd8_2.conda
  hash:
    md5: 1a580f7796c7bf6393fddb8bbbde58dc
    sha256: f2591c0069447bbe28d4d696b7fcb0c5bd0b4ac582769b89addbcf26fb3430d8
  category: main
  optional: false
- name: libmpdec
  version: 4.0.0
  manager: conda
  platform: linux-64
  dependencies:
    __glibc: '>=2.17,<3.0.a0'
    libgcc: '>=13'
  url: https://conda.anaconda.org/conda-forge/linux-64/libmpdec-4.0.0-hb9d3cd8_0.conda
  hash:
    md5: c7e925f37e3b40d893459e625f6a53f1
    sha256: 3aa92d4074d4063f2a162cd8ecb45dccac93e543e565c01a787e16a43501f7ee
  category: main
  optional: false
- name: libopenblas
  version: 0.3.30
  manager: conda
  platform: linux-64
  dependencies:
    __glibc: '>=2.17,<3.0.a0'
    libgcc: '>=14'
    libgfortran: ''
    libgfortran5: '>=14.3.0'
  url: https://conda.anaconda.org/conda-forge/linux-64/libopenblas-0.3.30-pthreads_h94d23a6_4.conda
  hash:
    md5: be43915efc66345cccb3c310b6ed0374
    sha256: 199d79c237afb0d4780ccd2fbf829cea80743df60df4705202558675e07dd2c5
  category: main
  optional: false
- name: libsqlite
  version: 3.51.0
  manager: conda
  platform: linux-64
  dependencies:
    __glibc: '>=2.17,<3.0.a0'
    icu: '>=75.1,<76.0a0'
    libgcc: '>=14'
    libzlib: '>=1.3.1,<2.0a0'
  url: https://conda.anaconda.org/conda-forge/linux-64/libsqlite-3.51.0-hee844dc_0.conda
  hash:
    md5: 729a572a3ebb8c43933b30edcc628ceb
    sha256: 4c992dcd0e34b68f843e75406f7f303b1b97c248d18f3c7c330bdc0bc26ae0b3
  category: main
  optional: false
- name: libstdcxx
  version: 15.2.0
  manager: conda
  platform: linux-64
  dependencies:
    __glibc: '>=2.17,<3.0.a0'
    libgcc: 15.2.0
  url: https://conda.anaconda.org/conda-forge/linux-64/libstdcxx-15.2.0-h934c35e_12.conda
  hash:
    md5: b8ef46cab65ab6676c7d5c9581b17ebf
    sha256: 2954f7b21ad6f0f1b9b5eabf0595039c425f6f6267087e58310dc4855fee8383
  category: main
  optional: false
- name: libstdcxx-ng
  version: 15.2.0
  manager: conda
  platform: linux-64
  dependencies:
    libstdcxx: 15.2.0
  url: https://conda.anaconda.org/conda-forge/linux-64/libstdcxx-ng-15.2.0-hdf11a46_12.conda
  hash:
    md5: ac15e685fa88f7d070b60b396dd91017
    sha256: 7540d3b3577b058962d110dfa08ec2a278254dd6f9397d33ad0ede7bf222094e
  category: main
  optional: false
- name: libuuid
  version: 2.41.2
  manager: conda
  platform: linux-64
  dependencies:
    __glibc: '>=2.17,<3.0.a0'
    libgcc: '>=14'
  url: https://conda.anaconda.org/conda-forge/linux-64/libuuid-2.41.2-he9a06e4_0.conda
  hash:
    md5: 80c07c68d2f6870250959dcc95b209d1
    sha256: e5ec6d2ad7eef538ddcb9ea62ad4346fde70a4736342c4ad87bd713641eb9808
  category: main
  optional: false
- name: libzlib
  version: 1.3.1
  manager: conda
  platform: linux-64
  dependencies:
    __glibc: '>=2.17,<3.0.a0'
    libgcc: '>=13'
  url: https://conda.anaconda.org/conda-forge/linux-64/libzlib-1.3.1-hb9d3cd8_2.conda
  hash:
    md5: edb0dca6bc32e4f4789199455a1dbeb8
    sha256: d4bfe88d7cb447768e31650f06257995601f89076080e76df55e3112d4e47dc4
  category: main
  optional: false
- name: mypy_extensions
  version: 1.1.0
  manager: conda
  platform: linux-64
  dependencies:
    python: '>=3.9'
  url: https://conda.anaconda.org/conda-forge/noarch/mypy_extensions-1.1.0-pyha770c72_0.conda
  hash:
    md5: e9c622e0d00fa24a6292279af3ab6d06
    sha256: 6ed158e4e5dd8f6a10ad9e525631e35cee8557718f83de7a4e3966b1f772c4b1
  category: main
  optional: false
- name: ncurses
  version: '6.5'
  manager: conda
  platform: linux-64
  dependencies:
    __glibc: '>=2.17,<3.0.a0'
    libgcc: '>=13'
  url: https://conda.anaconda.org/conda-forge/linux-64/ncurses-6.5-h2d0b736_3.conda
  hash:
    md5: 47e340acb35de30501a76c7c799c41d7
    sha256: 3fde293232fa3fca98635e1167de6b7c7fda83caf24b9d6c91ec9eefb4f4d586
  category: main
  optional: false
- name: numpy
  version: 2.3.5
  manager: conda
  platform: linux-64
  dependencies:
    python: ''
    libstdcxx: '>=14'
    libgcc: '>=14'
    __glibc: '>=2.17,<3.0.a0'
    libblas: '>=3.9.0,<4.0a0'
    liblapack: '>=3.9.0,<4.0a0'
    libcblas: '>=3.9.0,<4.0a0'
    python_abi: 3.14.*
  url: https://conda.anaconda.org/conda-forge/linux-64/numpy-2.3.5-py314h2b28147_0.conda
  hash:
    md5: 6d2cff81447b8fe424645d7dd3bde8bf
    sha256: 4fa3b8b80dd848a70f679b31d74d6fb28f9c4de9cd81086aa8e10256e9de20d1
  category: main
  optional: false
- name: openssl
  version: 3.6.0
  manager: conda
  platform: linux-64
  dependencies:
    __glibc: '>=2.17,<3.0.a0'
    ca-certificates: ''
    libgcc: '>=14'
  url: https://conda.anaconda.org/conda-forge/linux-64/openssl-3.6.0-h26f9b46_0.conda
  hash:
    md5: 9ee58d5c534af06558933af3c845a780
    sha256: a47271202f4518a484956968335b2521409c8173e123ab381e775c358c67fe6d
  category: main
  optional: false
- name: packaging
  version: '25.0'
  manager: conda
  platform: linux-64
  dependencies:
    python: ''
  url: https://conda.anaconda.org/conda-forge/noarch/packaging-25.0-pyh29332c3_1.conda
  hash:
    md5: 58335b26c38bf4a20f399384c33cbcf9
    sha256: 289861ed0c13a15d7bbb408796af4de72c2fe67e2bcb0de98f4c3fce259d7991
  category: main
  optional: false
- name: pandas
  version: 2.3.3
  manager: conda
  platform: linux-64
  dependencies:
    __glibc: '>=2.17,<3.0.a0'
    libgcc: '>=14'
    libstdcxx: '>=14'
    numpy: '>=1.23,<3'
    python: '>=3.14.0rc3,<3.15.0a0'
    python-dateutil: '>=2.8.2'
    python-tzdata: '>=2022.7'
    python_abi: 3.14.*
    pytz: '>=2020.1'
  url: https://conda.anaconda.org/conda-forge/linux-64/pandas-2.3.3-py314ha0b5721_1.conda
  hash:
    md5: 4e72e31689d2141ac77fd6a6dcb740d8
    sha256: 8e4d81448484f3ae2ef54202a49bda0365093ac459045d43f3d151f88cfe4c23
  category: main
  optional: false
- name: pandera
  version: 0.26.1
  manager: conda
  platform: linux-64
  dependencies:
    numpy: '>=1.24.4'
    pandas: '>=2.1.1'
    pandera-base: 0.26.1
  url: https://conda.anaconda.org/conda-forge/noarch/pandera-0.26.1-hd8ed1ab_0.conda
  hash:
    md5: ec76428eacdff80cb9093789fe5452a2
    sha256: 24558fcb6fa04a58807457060ec7122321263d74666ea3b16b899fffdd357b4a
  category: main
  optional: false
- name: pandera-base
  version: 0.26.1
  manager: conda
  platform: linux-64
  dependencies:
    packaging: '>=20.0'
    pydantic: ''
    python: '>=3.9'
    typeguard: ''
    typing_inspect: '>=0.6.0'
  url: https://conda.anaconda.org/conda-forge/noarch/pandera-base-0.26.1-pyhd8ed1ab_0.conda
  hash:
    md5: 0828883b7195bdb41c146bc5ff14c1b2
    sha256: 764fd54add6c8ae32753337c0d53fdeb46e78f8683be2bc6875a744f6a2137fb
  category: main
  optional: false
- name: pip
  version: '25.3'
  manager: conda
  platform: linux-64
  dependencies:
    python: '>=3.13.0a0'
  url: https://conda.anaconda.org/conda-forge/noarch/pip-25.3-pyh145f28c_0.conda
  hash:
    md5: bf47878473e5ab9fdb4115735230e191
    sha256: 4d5e2faca810459724f11f78d19a0feee27a7be2b3fc5f7abbbec4c9fdcae93d
  category: main
  optional: false
- name: pydantic
  version: 2.12.4
  manager: conda
  platform: linux-64
  dependencies:
    annotated-types: '>=0.6.0'
    pydantic-core: 2.41.5
    python: '>=3.10'
    typing-extensions: '>=4.6.1'
    typing-inspection: '>=0.4.2'
    typing_extensions: '>=4.14.1'
  url: https://conda.anaconda.org/conda-forge/noarch/pydantic-2.12.4-pyh3cfb1c2_0.conda
  hash:
    md5: bf6ce72315b6759453d8c90a894e9e4c
    sha256: c51297f0f6ef13776cc5b61c37d00c0d45faaed34f81d196e64bebc989f3e497
  category: main
  optional: false
- name: pydantic-core
  version: 2.41.5
  manager: conda
  platform: linux-64
  dependencies:
    python: ''
    typing-extensions: '>=4.6.0,!=4.7.0'
    libgcc: '>=14'
    __glibc: '>=2.17,<3.0.a0'
    python_abi: 3.14.*
  url: https://conda.anaconda.org/conda-forge/linux-64/pydantic-core-2.41.5-py314h2e6c369_1.conda
  hash:
    md5: 432b0716a1dfac69b86aa38fdd59b7e6
    sha256: 7e0ae379796e28a429f8e48f2fe22a0f232979d65ec455e91f8dac689247d39f
  category: main
  optional: false
- name: python
  version: 3.14.0
  manager: conda
  platform: linux-64
  dependencies:
    __glibc: '>=2.17,<3.0.a0'
    bzip2: '>=1.0.8,<2.0a0'
    ld_impl_linux-64: '>=2.36.1'
    libexpat: '>=2.7.1,<3.0a0'
    libffi: '>=3.5.2,<3.6.0a0'
    libgcc: '>=14'
    liblzma: '>=5.8.1,<6.0a0'
    libmpdec: '>=4.0.0,<5.0a0'
    libsqlite: '>=3.50.4,<4.0a0'
    libuuid: '>=2.41.2,<3.0a0'
    libzlib: '>=1.3.1,<2.0a0'
    ncurses: '>=6.5,<7.0a0'
    openssl: '>=3.5.4,<4.0a0'
    python_abi: 3.14.*
    readline: '>=8.2,<9.0a0'
    tk: '>=8.6.13,<8.7.0a0'
    tzdata: ''
    zstd: '>=1.5.7,<1.6.0a0'
    pip: ''
  url: https://conda.anaconda.org/conda-forge/linux-64/python-3.14.0-h32b2ec7_102_cp314.conda
  hash:
    md5: 0a19d2cc6eb15881889b0c6fa7d6a78d
    sha256: 76d750045b94fded676323bfd01975a26a474023635735773d0e4d80aaa72518
  category: main
  optional: false
- name: python-dateutil
  version: 2.9.0.post0
  manager: conda
  platform: linux-64
  dependencies:
    python: ''
    six: '>=1.5'
  url: https://conda.anaconda.org/conda-forge/noarch/python-dateutil-2.9.0.post0-pyhe01879c_2.conda
  hash:
    md5: 5b8d21249ff20967101ffa321cab24e8
    sha256: d6a17ece93bbd5139e02d2bd7dbfa80bee1a4261dced63f65f679121686bf664
  category: main
  optional: false
- name: python-tzdata
  version: '2025.2'
  manager: conda
  platform: linux-64
  dependencies:
    python: '>=3.9'
  url: https://conda.anaconda.org/conda-forge/noarch/python-tzdata-2025.2-pyhd8ed1ab_0.conda
  hash:
    md5: 88476ae6ebd24f39261e0854ac244f33
    sha256: e8392a8044d56ad017c08fec2b0eb10ae3d1235ac967d0aab8bd7b41c4a5eaf0
  category: main
  optional: false
- name: python_abi
  version: '3.14'
  manager: conda
  platform: linux-64
  dependencies: {}
  url: https://conda.anaconda.org/conda-forge/noarch/python_abi-3.14-8_cp314.conda
  hash:
    md5: 0539938c55b6b1a59b560e843ad864a4
    sha256: ad6d2e9ac39751cc0529dd1566a26751a0bf2542adb0c232533d32e176e21db5
  category: main
  optional: false
- name: pytz
  version: '2025.2'
  manager: conda
  platform: linux-64
  dependencies:
    python: '>=3.9'
  url: https://conda.anaconda.org/conda-forge/noarch/pytz-2025.2-pyhd8ed1ab_0.conda
  hash:
    md5: bc8e3267d44011051f2eb14d22fb0960
    sha256: 8d2a8bf110cc1fc3df6904091dead158ba3e614d8402a83e51ed3a8aa93cdeb0
  category: main
  optional: false
- name: readline
  version: '8.2'
  manager: conda
  platform: linux-64
  dependencies:
    libgcc: '>=13'
    ncurses: '>=6.5,<7.0a0'
  url: https://conda.anaconda.org/conda-forge/linux-64/readline-8.2-h8c095d6_2.conda
  hash:
    md5: 283b96675859b20a825f8fa30f311446
    sha256: 2d6d0c026902561ed77cd646b5021aef2d4db22e57a5b0178dfc669231e06d2c
  category: main
  optional: false
- name: six
  version: 1.17.0
  manager: conda
  platform: linux-64
  dependencies:
    python: ''
  url: https://conda.anaconda.org/conda-forge/noarch/six-1.17.0-pyhe01879c_1.conda
  hash:
    md5: 3339e3b65d58accf4ca4fb8748ab16b3
    sha256: 458227f759d5e3fcec5d9b7acce54e10c9e1f4f4b7ec978f3bfd54ce4ee9853d
  category: main
  optional: false
- name: tk
  version: 8.6.13
  manager: conda
  platform: linux-64
  dependencies:
    __glibc: '>=2.17,<3.0.a0'
    libgcc: '>=13'
    libzlib: '>=1.3.1,<2.0a0'
  url: https://conda.anaconda.org/conda-forge/linux-64/tk-8.6.13-noxft_ha0e22de_103.conda
  hash:
    md5: 86bc20552bf46075e3d92b67f089172d
    sha256: 1544760538a40bcd8ace2b1d8ebe3eb5807ac268641f8acdc18c69c5ebfeaf64
  category: main
  optional: false
- name: typeguard
  version: 4.4.4
  manager: conda
  platform: linux-64
  dependencies:
    importlib-metadata: '>=3.6'
    python: '>=3.9'
    typing-extensions: '>=4.10.0'
    typing_extensions: '>=4.14.0'
  url: https://conda.anaconda.org/conda-forge/noarch/typeguard-4.4.4-pyhd8ed1ab_0.conda
  hash:
    md5: 8b2613dbfd4e2bc9080b2779b53fc210
    sha256: 591e03a61b4966a61b15a99f91d462840b6e77bf707ecb48690b24649fee921a
  category: main
  optional: false
- name: typing-extensions
  version: 4.15.0
  manager: conda
  platform: linux-64
  dependencies:
    typing_extensions: ==4.15.0
  url: https://conda.anaconda.org/conda-forge/noarch/typing-extensions-4.15.0-h396c80c_0.conda
  hash:
    md5: edd329d7d3a4ab45dcf905899a7a6115
    sha256: 7c2df5721c742c2a47b2c8f960e718c930031663ac1174da67c1ed5999f7938c
  category: main
  optional: false
- name: typing-inspection
  version: 0.4.2
  manager: conda
  platform: linux-64
  dependencies:
    python: '>=3.10'
    typing_extensions: '>=4.12.0'
  url: https://conda.anaconda.org/conda-forge/noarch/typing-inspection-0.4.2-pyhd8ed1ab_1.conda
  hash:
    md5: a0a4a3035667fc34f29bfbd5c190baa6
    sha256: 70db27de58a97aeb7ba7448366c9853f91b21137492e0b4430251a1870aa8ff4
  category: main
  optional: false
- name: typing_extensions
  version: 4.15.0
  manager: conda
  platform: linux-64
  dependencies:
    python: ''
  url: https://conda.anaconda.org/conda-forge/noarch/typing_extensions-4.15.0-pyhcf101f3_0.conda
  hash:
    md5: 0caa1af407ecff61170c9437a808404d
    sha256: 032271135bca55aeb156cee361c81350c6f3fb203f57d024d7e5a1fc9ef18731
  category: main
  optional: false
- name: typing_inspect
  version: 0.9.0
  manager: conda
  platform: linux-64
  dependencies:
    mypy_extensions: '>=0.3.0'
    python: '>=3.9'
    typing_extensions: '>=3.7.4'
  url: https://conda.anaconda.org/conda-forge/noarch/typing_inspect-0.9.0-pyhd8ed1ab_1.conda
  hash:
    md5: fa31df4d4193aabccaf09ce78a187faf
    sha256: a3fbdd31b509ff16c7314e8d01c41d9146504df632a360ab30dbc1d3ca79b7c0
  category: main
  optional: false
- name: tzdata
  version: 2025b
  manager: conda
  platform: linux-64
  dependencies: {}
  url: https://conda.anaconda.org/conda-forge/noarch/tzdata-2025b-h78e105d_0.conda
  hash:
    md5: 4222072737ccff51314b5ece9c7d6f5a
    sha256: 5aaa366385d716557e365f0a4e9c3fca43ba196872abbbe3d56bb610d131e192
  category: main
  optional: false
- name: yaml
  version: 0.2.5
  manager: conda
  platform: linux-64
  dependencies:
    libgcc: '>=14'
    __glibc: '>=2.17,<3.0.a0'
  url: https://conda.anaconda.org/conda-forge/linux-64/yaml-0.2.5-h280c20c_3.conda
  hash:
    md5: a77f85f77be52ff59391544bfe73390a
    sha256: 6d9ea2f731e284e9316d95fa61869fe7bbba33df7929f82693c121022810f4ad
  category: main
  optional: false
- name: zipp
  version: 3.23.0
  manager: conda
  platform: linux-64
  dependencies:
    python: '>=3.9'
  url: https://conda.anaconda.org/conda-forge/noarch/zipp-3.23.0-pyhd8ed1ab_0.conda
  hash:
    md5: df5e78d904988eb55042c0c97446079f
    sha256: 7560d21e1b021fd40b65bfb72f67945a3fcb83d78ad7ccf37b8b3165ec3b68ad
  category: main
  optional: false
- name: zstd
  version: 1.5.7
  manager: conda
  platform: linux-64
  dependencies:
    __glibc: '>=2.17,<3.0.a0'
    libgcc: '>=13'
    libstdcxx: '>=13'
    libzlib: '>=1.3.1,<2.0a0'
  url: https://conda.anaconda.org/conda-forge/linux-64/zstd-1.5.7-hb8e6e7a_2.conda
  hash:
    md5: 6432cb5d4ac0046c3ac0a8a0f95842f9
    sha256: a4166e3d8ff4e35932510aaff7aa90772f84b4d07e9f6f83c614cba7ceefe0eb
  category: main
  optional: false
